// !$*UTF8*$!
{
	archiveVersion = 1;
	classes = {
	};
	objectVersion = 50;
	objects = {

/* Begin PBXBuildFile section */
		CE8CB7D52628BE1E00E5DFEB /* AppDelegate.swift in Sources */ = {isa = PBXBuildFile; fileRef = CE8CB7D42628BE1E00E5DFEB /* AppDelegate.swift */; };
		CE8CB7D72628BE1E00E5DFEB /* SceneDelegate.swift in Sources */ = {isa = PBXBuildFile; fileRef = CE8CB7D62628BE1E00E5DFEB /* SceneDelegate.swift */; };
		CE8CB7D92628BE1E00E5DFEB /* ViewController.swift in Sources */ = {isa = PBXBuildFile; fileRef = CE8CB7D82628BE1E00E5DFEB /* ViewController.swift */; };
		CE8CB7DC2628BE1E00E5DFEB /* Main.storyboard in Resources */ = {isa = PBXBuildFile; fileRef = CE8CB7DA2628BE1E00E5DFEB /* Main.storyboard */; };
		CE8CB7DE2628BE2100E5DFEB /* Assets.xcassets in Resources */ = {isa = PBXBuildFile; fileRef = CE8CB7DD2628BE2100E5DFEB /* Assets.xcassets */; };
		CE8CB7E12628BE2100E5DFEB /* LaunchScreen.storyboard in Resources */ = {isa = PBXBuildFile; fileRef = CE8CB7DF2628BE2100E5DFEB /* LaunchScreen.storyboard */; };
/* End PBXBuildFile section */

/* Begin PBXFileReference section */
		CE8CB7D12628BE1E00E5DFEB /* APIWeather.app */ = {isa = PBXFileReference; explicitFileType = wrapper.application; includeInIndex = 0; path = APIWeather.app; sourceTree = BUILT_PRODUCTS_DIR; };
		CE8CB7D42628BE1E00E5DFEB /* AppDelegate.swift */ = {isa = PBXFileReference; lastKnownFileType = sourcecode.swift; path = AppDelegate.swift; sourceTree = "<group>"; };
		CE8CB7D62628BE1E00E5DFEB /* SceneDelegate.swift */ = {isa = PBXFileReference; lastKnownFileType = sourcecode.swift; path = SceneDelegate.swift; sourceTree = "<group>"; };
		CE8CB7D82628BE1E00E5DFEB /* ViewController.swift */ = {isa = PBXFileReference; lastKnownFileType = sourcecode.swift; path = ViewController.swift; sourceTree = "<group>"; };
		CE8CB7DB2628BE1E00E5DFEB /* Base */ = {isa = PBXFileReference; lastKnownFileType = file.storyboard; name = Base; path = Base.lproj/Main.storyboard; sourceTree = "<group>"; };
		CE8CB7DD2628BE2100E5DFEB /* Assets.xcassets */ = {isa = PBXFileReference; lastKnownFileType = folder.assetcatalog; path = Assets.xcassets; sourceTree = "<group>"; };
		CE8CB7E02628BE2100E5DFEB /* Base */ = {isa = PBXFileReference; lastKnownFileType = file.storyboard; name = Base; path = Base.lproj/LaunchScreen.storyboard; sourceTree = "<group>"; };
		CE8CB7E22628BE2100E5DFEB /* Info.plist */ = {isa = PBXFileReference; lastKnownFileType = text.plist.xml; path = Info.plist; sourceTree = "<group>"; };
/* End PBXFileReference section */

/* Begin PBXFrameworksBuildPhase section */
		CE8CB7CE2628BE1E00E5DFEB /* Frameworks */ = {
			isa = PBXFrameworksBuildPhase;
			buildActionMask = 2147483647;
			files = (
			);
			runOnlyForDeploymentPostprocessing = 0;
		};
/* End PBXFrameworksBuildPhase section */

/* Begin PBXGroup section */
		CE8CB7C82628BE1E00E5DFEB = {
			isa = PBXGroup;
			children = (
				CE8CB7D32628BE1E00E5DFEB /* APIWeather */,
				CE8CB7D22628BE1E00E5DFEB /* Products */,
			);
			sourceTree = "<group>";
		};
		CE8CB7D22628BE1E00E5DFEB /* Products */ = {
			isa = PBXGroup;
			children = (
				CE8CB7D12628BE1E00E5DFEB /* APIWeather.app */,
			);
			name = Products;
			sourceTree = "<group>";
		};
		CE8CB7D32628BE1E00E5DFEB /* APIWeather */ = {
			isa = PBXGroup;
			children = (
				CE8CB7D42628BE1E00E5DFEB /* AppDelegate.swift */,
				CE8CB7D62628BE1E00E5DFEB /* SceneDelegate.swift */,
				CE8CB7D82628BE1E00E5DFEB /* ViewController.swift */,
				CE8CB7DA2628BE1E00E5DFEB /* Main.storyboard */,
				CE8CB7DD2628BE2100E5DFEB /* Assets.xcassets */,
				CE8CB7DF2628BE2100E5DFEB /* LaunchScreen.storyboard */,
				CE8CB7E22628BE2100E5DFEB /* Info.plist */,
			);
			path = APIWeather;
			sourceTree = "<group>";
		};
/* End PBXGroup section */

/* Begin PBXNativeTarget section */
		CE8CB7D02628BE1E00E5DFEB /* APIWeather */ = {
			isa = PBXNativeTarget;
			buildConfigurationList = CE8CB7E52628BE2100E5DFEB /* Build configuration list for PBXNativeTarget "APIWeather" */;
			buildPhases = (
				CE8CB7CD2628BE1E00E5DFEB /* Sources */,
				CE8CB7CE2628BE1E00E5DFEB /* Frameworks */,
				CE8CB7CF2628BE1E00E5DFEB /* Resources */,
			);
			buildRules = (
			);
			dependencies = (
			);
			name = APIWeather;
			productName = APIWeather;
			productReference = CE8CB7D12628BE1E00E5DFEB /* APIWeather.app */;
			productType = "com.apple.product-type.application";
		};
/* End PBXNativeTarget section */

/* Begin PBXProject section */
		CE8CB7C92628BE1E00E5DFEB /* Project object */ = {
			isa = PBXProject;
			attributes = {
				LastSwiftUpdateCheck = 1230;
				LastUpgradeCheck = 1230;
				TargetAttributes = {
					CE8CB7D02628BE1E00E5DFEB = {
						CreatedOnToolsVersion = 12.3;
					};
				};
			};
			buildConfigurationList = CE8CB7CC2628BE1E00E5DFEB /* Build configuration list for PBXProject "APIWeather" */;
			compatibilityVersion = "Xcode 9.3";
			developmentRegion = en;
			hasScannedForEncodings = 0;
			knownRegions = (
				en,
				Base,
			);
			mainGroup = CE8CB7C82628BE1E00E5DFEB;
			productRefGroup = CE8CB7D22628BE1E00E5DFEB /* Products */;
			projectDirPath = "";
			projectRoot = "";
			targets = (
				CE8CB7D02628BE1E00E5DFEB /* APIWeather */,
			);
		};
/* End PBXProject section */

/* Begin PBXResourcesBuildPhase section */
		CE8CB7CF2628BE1E00E5DFEB /* Resources */ = {
			isa = PBXResourcesBuildPhase;
			buildActionMask = 2147483647;
			files = (
				CE8CB7E12628BE2100E5DFEB /* LaunchScreen.storyboard in Resources */,
				CE8CB7DE2628BE2100E5DFEB /* Assets.xcassets in Resources */,
				CE8CB7DC2628BE1E00E5DFEB /* Main.storyboard in Resources */,
			);
			runOnlyForDeploymentPostprocessing = 0;
		};
/* End PBXResourcesBuildPhase section */

/* Begin PBXSourcesBuildPhase section */
		CE8CB7CD2628BE1E00E5DFEB /* Sources */ = {
			isa = PBXSourcesBuildPhase;
			buildActionMask = 2147483647;
			files = (
				CE8CB7D92628BE1E00E5DFEB /* ViewController.swift in Sources */,
				CE8CB7D52628BE1E00E5DFEB /* AppDelegate.swift in Sources */,
				CE8CB7D72628BE1E00E5DFEB /* SceneDelegate.swift in Sources */,
			);
			runOnlyForDeploymentPostprocessing = 0;
		};
/* End PBXSourcesBuildPhase section */

/* Begin PBXVariantGroup section */
		CE8CB7DA2628BE1E00E5DFEB /* Main.storyboard */ = {
			isa = PBXVariantGroup;
			children = (
				CE8CB7DB2628BE1E00E5DFEB /* Base */,
			);
			name = Main.storyboard;
			sourceTree = "<group>";
		};
		CE8CB7DF2628BE2100E5DFEB /* LaunchScreen.storyboard */ = {
			isa = PBXVariantGroup;
			children = (
				CE8CB7E02628BE2100E5DFEB /* Base */,
			);
			name = LaunchScreen.storyboard;
			sourceTree = "<group>";
		};
/* End PBXVariantGroup section */

/* Begin XCBuildConfiguration section */
		CE8CB7E32628BE2100E5DFEB /* Debug */ = {
			isa = XCBuildConfiguration;
			buildSettings = {
				ALWAYS_SEARCH_USER_PATHS = NO;
				CLANG_ANALYZER_NONNULL = YES;
				CLANG_ANALYZER_NUMBER_OBJECT_CONVERSION = YES_AGGRESSIVE;
				CLANG_CXX_LANGUAGE_STANDARD = "gnu++14";
				CLANG_CXX_LIBRARY = "libc++";
				CLANG_ENABLE_MODULES = YES;
				CLANG_ENABLE_OBJC_ARC = YES;
				CLANG_ENABLE_OBJC_WEAK = YES;
				CLANG_WARN_BLOCK_CAPTURE_AUTORELEASING = YES;
				CLANG_WARN_BOOL_CONVERSION = YES;
				CLANG_WARN_COMMA = YES;
				CLANG_WARN_CONSTANT_CONVERSION = YES;
				CLANG_WARN_DEPRECATED_OBJC_IMPLEMENTATIONS = YES;
				CLANG_WARN_DIRECT_OBJC_ISA_USAGE = YES_ERROR;
				CLANG_WARN_DOCUMENTATION_COMMENTS = YES;
				CLANG_WARN_EMPTY_BODY = YES;
				CLANG_WARN_ENUM_CONVERSION = YES;
				CLANG_WARN_INFINITE_RECURSION = YES;
				CLANG_WARN_INT_CONVERSION = YES;
				CLANG_WARN_NON_LITERAL_NULL_CONVERSION = YES;
				CLANG_WARN_OBJC_IMPLICIT_RETAIN_SELF = YES;
				CLANG_WARN_OBJC_LITERAL_CONVERSION = YES;
				CLANG_WARN_OBJC_ROOT_CLASS = YES_ERROR;
				CLANG_WARN_QUOTED_INCLUDE_IN_FRAMEWORK_HEADER = YES;
				CLANG_WARN_RANGE_LOOP_ANALYSIS = YES;
				CLANG_WARN_STRICT_PROTOTYPES = YES;
				CLANG_WARN_SUSPICIOUS_MOVE = YES;
				CLANG_WARN_UNGUARDED_AVAILABILITY = YES_AGGRESSIVE;
				CLANG_WARN_UNREACHABLE_CODE = YES;
				CLANG_WARN__DUPLICATE_METHOD_MATCH = YES;
				COPY_PHASE_STRIP = NO;
				DEBUG_INFORMATION_FORMAT = dwarf;
				ENABLE_STRICT_OBJC_MSGSEND = YES;
				ENABLE_TESTABILITY = YES;
				GCC_C_LANGUAGE_STANDARD = gnu11;
				GCC_DYNAMIC_NO_PIC = NO;
				GCC_NO_COMMON_BLOCKS = YES;
				GCC_OPTIMIZATION_LEVEL = 0;
				GCC_PREPROCESSOR_DEFINITIONS = (
					"DEBUG=1",
					"$(inherited)",
				);
				GCC_WARN_64_TO_32_BIT_CONVERSION = YES;
				GCC_WARN_ABOUT_RETURN_TYPE = YES_ERROR;
				GCC_WARN_UNDECLARED_SELECTOR = YES;
				GCC_WARN_UNINITIALIZED_AUTOS = YES_AGGRESSIVE;
				GCC_WARN_UNUSED_FUNCTION = YES;
				GCC_WARN_UNUSED_VARIABLE = YES;
				IPHONEOS_DEPLOYMENT_TARGET = 14.3;
				MTL_ENABLE_DEBUG_INFO = INCLUDE_SOURCE;
				MTL_FAST_MATH = YES;
				ONLY_ACTIVE_ARCH = YES;
				SDKROOT = iphoneos;
				SWIFT_ACTIVE_COMPILATION_CONDITIONS = DEBUG;
				SWIFT_OPTIMIZATION_LEVEL = "-Onone";
			};
			name = Debug;
		};
		CE8CB7E42628BE2100E5DFEB /* Release */ = {
			isa = XCBuildConfiguration;
			buildSettings = {
				ALWAYS_SEARCH_USER_PATHS = NO;
				CLANG_ANALYZER_NONNULL = YES;
				CLANG_ANALYZER_NUMBER_OBJECT_CONVERSION = YES_AGGRESSIVE;
				CLANG_CXX_LANGUAGE_STANDARD = "gnu++14";
				CLANG_CXX_LIBRARY = "libc++";
				CLANG_ENABLE_MODULES = YES;
				CLANG_ENABLE_OBJC_ARC = YES;
				CLANG_ENABLE_OBJC_WEAK = YES;
				CLANG_WARN_BLOCK_CAPTURE_AUTORELEASING = YES;
				CLANG_WARN_BOOL_CONVERSION = YES;
				CLANG_WARN_COMMA = YES;
				CLANG_WARN_CONSTANT_CONVERSION = YES;
				CLANG_WARN_DEPRECATED_OBJC_IMPLEMENTATIONS = YES;
				CLANG_WARN_DIRECT_OBJC_ISA_USAGE = YES_ERROR;
				CLANG_WARN_DOCUMENTATION_COMMENTS = YES;
				CLANG_WARN_EMPTY_BODY = YES;
				CLANG_WARN_ENUM_CONVERSION = YES;
				CLANG_WARN_INFINITE_RECURSION = YES;
				CLANG_WARN_INT_CONVERSION = YES;
				CLANG_WARN_NON_LITERAL_NULL_CONVERSION = YES;
				CLANG_WARN_OBJC_IMPLICIT_RETAIN_SELF = YES;
				CLANG_WARN_OBJC_LITERAL_CONVERSION = YES;
				CLANG_WARN_OBJC_ROOT_CLASS = YES_ERROR;
				CLANG_WARN_QUOTED_INCLUDE_IN_FRAMEWORK_HEADER = YES;
				CLANG_WARN_RANGE_LOOP_ANALYSIS = YES;
				CLANG_WARN_STRICT_PROTOTYPES = YES;
				CLANG_WARN_SUSPICIOUS_MOVE = YES;
				CLANG_WARN_UNGUARDED_AVAILABILITY = YES_AGGRESSIVE;
				CLANG_WARN_UNREACHABLE_CODE = YES;
				CLANG_WARN__DUPLICATE_METHOD_MATCH = YES;
				COPY_PHASE_STRIP = NO;
				DEBUG_INFORMATION_FORMAT = "dwarf-with-dsym";
				ENABLE_NS_ASSERTIONS = NO;
				ENABLE_STRICT_OBJC_MSGSEND = YES;
				GCC_C_LANGUAGE_STANDARD = gnu11;
				GCC_NO_COMMON_BLOCKS = YES;
				GCC_WARN_64_TO_32_BIT_CONVERSION = YES;
				GCC_WARN_ABOUT_RETURN_TYPE = YES_ERROR;
				GCC_WARN_UNDECLARED_SELECTOR = YES;
				GCC_WARN_UNINITIALIZED_AUTOS = YES_AGGRESSIVE;
				GCC_WARN_UNUSED_FUNCTION = YES;
				GCC_WARN_UNUSED_VARIABLE = YES;
				IPHONEOS_DEPLOYMENT_TARGET = 14.3;
				MTL_ENABLE_DEBUG_INFO = NO;
				MTL_FAST_MATH = YES;
				SDKROOT = iphoneos;
				SWIFT_COMPILATION_MODE = wholemodule;
				SWIFT_OPTIMIZATION_LEVEL = "-O";
				VALIDATE_PRODUCT = YES;
			};
			name = Release;
		};
		CE8CB7E62628BE2100E5DFEB /* Debug */ = {
			isa = XCBuildConfiguration;
			buildSettings = {
				ASSETCATALOG_COMPILER_APPICON_NAME = AppIcon;
				ASSETCATALOG_COMPILER_GLOBAL_ACCENT_COLOR_NAME = AccentColor;
				CODE_SIGN_STYLE = Automatic;
				INFOPLIST_FILE = APIWeather/Info.plist;
				LD_RUNPATH_SEARCH_PATHS = (
					"$(inherited)",
					"@executable_path/Frameworks",
				);
				PRODUCT_BUNDLE_IDENTIFIER = io.alion.APIWeather;
				PRODUCT_NAME = "$(TARGET_NAME)";
				SWIFT_VERSION = 5.0;
				TARGETED_DEVICE_FAMILY = "1,2";
			};
			name = Debug;
		};
		CE8CB7E72628BE2100E5DFEB /* Release */ = {
			isa = XCBuildConfiguration;
			buildSettings = {
				ASSETCATALOG_COMPILER_APPICON_NAME = AppIcon;
				ASSETCATALOG_COMPILER_GLOBAL_ACCENT_COLOR_NAME = AccentColor;
				CODE_SIGN_STYLE = Automatic;
				INFOPLIST_FILE = APIWeather/Info.plist;
				LD_RUNPATH_SEARCH_PATHS = (
					"$(inherited)",
					"@executable_path/Frameworks",
				);
				PRODUCT_BUNDLE_IDENTIFIER = io.alion.APIWeather;
				PRODUCT_NAME = "$(TARGET_NAME)";
				SWIFT_VERSION = 5.0;
				TARGETED_DEVICE_FAMILY = "1,2";
			};
			name = Release;
		};
/* End XCBuildConfiguration section */

/* Begin XCConfigurationList section */
		CE8CB7CC2628BE1E00E5DFEB /* Build configuration list for PBXProject "APIWeather" */ = {
			isa = XCConfigurationList;
			buildConfigurations = (
				CE8CB7E32628BE2100E5DFEB /* Debug */,
				CE8CB7E42628BE2100E5DFEB /* Release */,
			);
			defaultConfigurationIsVisible = 0;
			defaultConfigurationName = Release;
		};
		CE8CB7E52628BE2100E5DFEB /* Build configuration list for PBXNativeTarget "APIWeather" */ = {
			isa = XCConfigurationList;
			buildConfigurations = (
				CE8CB7E62628BE2100E5DFEB /* Debug */,
				CE8CB7E72628BE2100E5DFEB /* Release */,
			);
			defaultConfigurationIsVisible = 0;
			defaultConfigurationName = Release;
		};
/* End XCConfigurationList section */
	};
	rootObject = CE8CB7C92628BE1E00E5DFEB /* Project object */;
}
